
Microsoft Visual Studio Solution File, Format Version 12.00
# Visual Studio 15
VisualStudioVersion = 15.0.28307.1401
MinimumVisualStudioVersion = 10.0.40219.1
Project("{D2ABAB84-BF74-430A-B69E-9DC6D40DDA17}") = "Desafio2", "Desafio2.dwproj", "{85D8424B-7FBD-43C2-A0C5-5B831CCC5CC1}"
EndProject
Global
	GlobalSection(SolutionConfigurationPlatforms) = preSolution
		Development|Default = Development|Default
	EndGlobalSection
	GlobalSection(ProjectConfigurationPlatforms) = postSolution
		{85D8424B-7FBD-43C2-A0C5-5B831CCC5CC1}.Development|Default.ActiveCfg = Development
		{85D8424B-7FBD-43C2-A0C5-5B831CCC5CC1}.Development|Default.Build.0 = Development
		{85D8424B-7FBD-43C2-A0C5-5B831CCC5CC1}.Development|Default.Deploy.0 = Development
	EndGlobalSection
	GlobalSection(SolutionProperties) = preSolution
		HideSolutionNode = FALSE
	EndGlobalSection
	GlobalSection(ExtensibilityGlobals) = postSolution
		SolutionGuid = {497279D9-3D76-4E85-A340-D0FAD225F861}
	EndGlobalSection
EndGlobal
